// !$*UTF8*$!
{
	archiveVersion = 1;
	classes = {
	};
	objectVersion = 46;
	objects = {

/* Begin PBXBuildFile section */
		2608C70D1B54CD8800C8EFE1 /* XCServer.db in Resources */ = {isa = PBXBuildFile; fileRef = 2608C70C1B54CD8800C8EFE1 /* XCServer.db */; };
		263611271B53642B00BAB9C5 /* GCDWebServer.m in Sources */ = {isa = PBXBuildFile; fileRef = 2636110A1B53642B00BAB9C5 /* GCDWebServer.m */; };
		263611281B53642B00BAB9C5 /* GCDWebServerConnection.m in Sources */ = {isa = PBXBuildFile; fileRef = 2636110C1B53642B00BAB9C5 /* GCDWebServerConnection.m */; };
		263611291B53642B00BAB9C5 /* GCDWebServerFunctions.m in Sources */ = {isa = PBXBuildFile; fileRef = 2636110E1B53642B00BAB9C5 /* GCDWebServerFunctions.m */; };
		2636112A1B53642B00BAB9C5 /* GCDWebServerRequest.m in Sources */ = {isa = PBXBuildFile; fileRef = 263611121B53642B00BAB9C5 /* GCDWebServerRequest.m */; };
		2636112B1B53642B00BAB9C5 /* GCDWebServerResponse.m in Sources */ = {isa = PBXBuildFile; fileRef = 263611141B53642B00BAB9C5 /* GCDWebServerResponse.m */; };
		2636112C1B53642B00BAB9C5 /* GCDWebServerDataRequest.m in Sources */ = {isa = PBXBuildFile; fileRef = 263611171B53642B00BAB9C5 /* GCDWebServerDataRequest.m */; };
		2636112D1B53642B00BAB9C5 /* GCDWebServerFileRequest.m in Sources */ = {isa = PBXBuildFile; fileRef = 263611191B53642B00BAB9C5 /* GCDWebServerFileRequest.m */; };
		2636112E1B53642B00BAB9C5 /* GCDWebServerMultiPartFormRequest.m in Sources */ = {isa = PBXBuildFile; fileRef = 2636111B1B53642B00BAB9C5 /* GCDWebServerMultiPartFormRequest.m */; };
		2636112F1B53642B00BAB9C5 /* GCDWebServerURLEncodedFormRequest.m in Sources */ = {isa = PBXBuildFile; fileRef = 2636111D1B53642B00BAB9C5 /* GCDWebServerURLEncodedFormRequest.m */; };
		263611301B53642B00BAB9C5 /* GCDWebServerDataResponse.m in Sources */ = {isa = PBXBuildFile; fileRef = 263611201B53642B00BAB9C5 /* GCDWebServerDataResponse.m */; };
		263611311B53642B00BAB9C5 /* GCDWebServerErrorResponse.m in Sources */ = {isa = PBXBuildFile; fileRef = 263611221B53642B00BAB9C5 /* GCDWebServerErrorResponse.m */; };
		263611321B53642B00BAB9C5 /* GCDWebServerFileResponse.m in Sources */ = {isa = PBXBuildFile; fileRef = 263611241B53642B00BAB9C5 /* GCDWebServerFileResponse.m */; };
		263611331B53642B00BAB9C5 /* GCDWebServerStreamedResponse.m in Sources */ = {isa = PBXBuildFile; fileRef = 263611261B53642B00BAB9C5 /* GCDWebServerStreamedResponse.m */; };
		263611351B53644500BAB9C5 /* CoreServices.framework in Frameworks */ = {isa = PBXBuildFile; fileRef = 263611341B53644500BAB9C5 /* CoreServices.framework */; };
		263611371B53645200BAB9C5 /* SystemConfiguration.framework in Frameworks */ = {isa = PBXBuildFile; fileRef = 263611361B53645200BAB9C5 /* SystemConfiguration.framework */; };
		263611391B53645B00BAB9C5 /* CFNetwork.framework in Frameworks */ = {isa = PBXBuildFile; fileRef = 263611381B53645B00BAB9C5 /* CFNetwork.framework */; };
		2636113B1B53646700BAB9C5 /* libz.dylib in Frameworks */ = {isa = PBXBuildFile; fileRef = 2636113A1B53646700BAB9C5 /* libz.dylib */; };
		2636113D1B53646E00BAB9C5 /* libxml2.dylib in Frameworks */ = {isa = PBXBuildFile; fileRef = 2636113C1B53646E00BAB9C5 /* libxml2.dylib */; };
		2636114C1B53A14F00BAB9C5 /* FMDatabase.m in Sources */ = {isa = PBXBuildFile; fileRef = 263611421B53A14F00BAB9C5 /* FMDatabase.m */; };
		2636114D1B53A14F00BAB9C5 /* FMDatabaseAdditions.m in Sources */ = {isa = PBXBuildFile; fileRef = 263611441B53A14F00BAB9C5 /* FMDatabaseAdditions.m */; };
		2636114E1B53A14F00BAB9C5 /* FMDatabasePool.m in Sources */ = {isa = PBXBuildFile; fileRef = 263611461B53A14F00BAB9C5 /* FMDatabasePool.m */; };
		2636114F1B53A14F00BAB9C5 /* FMDatabaseQueue.m in Sources */ = {isa = PBXBuildFile; fileRef = 263611481B53A14F00BAB9C5 /* FMDatabaseQueue.m */; };
		263611501B53A14F00BAB9C5 /* FMResultSet.m in Sources */ = {isa = PBXBuildFile; fileRef = 2636114B1B53A14F00BAB9C5 /* FMResultSet.m */; };
		263FD54C1B550E38005AD4AD /* XCMainWindowController.m in Sources */ = {isa = PBXBuildFile; fileRef = 263FD5401B550E38005AD4AD /* XCMainWindowController.m */; };
		263FD54D1B550E38005AD4AD /* ConfigurationItem.m in Sources */ = {isa = PBXBuildFile; fileRef = 263FD5431B550E38005AD4AD /* ConfigurationItem.m */; };
		263FD54E1B550E38005AD4AD /* ConfigurationItems.m in Sources */ = {isa = PBXBuildFile; fileRef = 263FD5451B550E38005AD4AD /* ConfigurationItems.m */; };
		263FD54F1B550E38005AD4AD /* XCMainWindowController.xib in Resources */ = {isa = PBXBuildFile; fileRef = 263FD5471B550E38005AD4AD /* XCMainWindowController.xib */; };
		263FD5501B550E38005AD4AD /* NSObject_Extension.m in Sources */ = {isa = PBXBuildFile; fileRef = 263FD5491B550E38005AD4AD /* NSObject_Extension.m */; };
		263FD5511B550E38005AD4AD /* XCServer.m in Sources */ = {isa = PBXBuildFile; fileRef = 263FD54B1B550E38005AD4AD /* XCServer.m */; };
		26451DCE1B53A9A100D75648 /* libsqlite3.dylib in Frameworks */ = {isa = PBXBuildFile; fileRef = 26451DCD1B53A9A100D75648 /* libsqlite3.dylib */; };
		26D9B3811B4D3AB100DE2983 /* AppKit.framework in Frameworks */ = {isa = PBXBuildFile; fileRef = 26D9B3801B4D3AB100DE2983 /* AppKit.framework */; };
		26D9B3831B4D3AB100DE2983 /* Foundation.framework in Frameworks */ = {isa = PBXBuildFile; fileRef = 26D9B3821B4D3AB100DE2983 /* Foundation.framework */; };
		26D9B3881B4D3AB100DE2983 /* XCServer.xcscheme in Resources */ = {isa = PBXBuildFile; fileRef = 26D9B3871B4D3AB100DE2983 /* XCServer.xcscheme */; };
/* End PBXBuildFile section */

/* Begin PBXFileReference section */
		2608C70C1B54CD8800C8EFE1 /* XCServer.db */ = {isa = PBXFileReference; lastKnownFileType = file; path = XCServer.db; sourceTree = "<group>"; };
		263611091B53642B00BAB9C5 /* GCDWebServer.h */ = {isa = PBXFileReference; fileEncoding = 4; lastKnownFileType = sourcecode.c.h; path = GCDWebServer.h; sourceTree = "<group>"; };
		2636110A1B53642B00BAB9C5 /* GCDWebServer.m */ = {isa = PBXFileReference; fileEncoding = 4; lastKnownFileType = sourcecode.c.objc; path = GCDWebServer.m; sourceTree = "<group>"; };
		2636110B1B53642B00BAB9C5 /* GCDWebServerConnection.h */ = {isa = PBXFileReference; fileEncoding = 4; lastKnownFileType = sourcecode.c.h; path = GCDWebServerConnection.h; sourceTree = "<group>"; };
		2636110C1B53642B00BAB9C5 /* GCDWebServerConnection.m */ = {isa = PBXFileReference; fileEncoding = 4; lastKnownFileType = sourcecode.c.objc; path = GCDWebServerConnection.m; sourceTree = "<group>"; };
		2636110D1B53642B00BAB9C5 /* GCDWebServerFunctions.h */ = {isa = PBXFileReference; fileEncoding = 4; lastKnownFileType = sourcecode.c.h; path = GCDWebServerFunctions.h; sourceTree = "<group>"; };
		2636110E1B53642B00BAB9C5 /* GCDWebServerFunctions.m */ = {isa = PBXFileReference; fileEncoding = 4; lastKnownFileType = sourcecode.c.objc; path = GCDWebServerFunctions.m; sourceTree = "<group>"; };
		2636110F1B53642B00BAB9C5 /* GCDWebServerHTTPStatusCodes.h */ = {isa = PBXFileReference; fileEncoding = 4; lastKnownFileType = sourcecode.c.h; path = GCDWebServerHTTPStatusCodes.h; sourceTree = "<group>"; };
		263611101B53642B00BAB9C5 /* GCDWebServerPrivate.h */ = {isa = PBXFileReference; fileEncoding = 4; lastKnownFileType = sourcecode.c.h; path = GCDWebServerPrivate.h; sourceTree = "<group>"; };
		263611111B53642B00BAB9C5 /* GCDWebServerRequest.h */ = {isa = PBXFileReference; fileEncoding = 4; lastKnownFileType = sourcecode.c.h; path = GCDWebServerRequest.h; sourceTree = "<group>"; };
		263611121B53642B00BAB9C5 /* GCDWebServerRequest.m */ = {isa = PBXFileReference; fileEncoding = 4; lastKnownFileType = sourcecode.c.objc; path = GCDWebServerRequest.m; sourceTree = "<group>"; };
		263611131B53642B00BAB9C5 /* GCDWebServerResponse.h */ = {isa = PBXFileReference; fileEncoding = 4; lastKnownFileType = sourcecode.c.h; path = GCDWebServerResponse.h; sourceTree = "<group>"; };
		263611141B53642B00BAB9C5 /* GCDWebServerResponse.m */ = {isa = PBXFileReference; fileEncoding = 4; lastKnownFileType = sourcecode.c.objc; path = GCDWebServerResponse.m; sourceTree = "<group>"; };
		263611161B53642B00BAB9C5 /* GCDWebServerDataRequest.h */ = {isa = PBXFileReference; fileEncoding = 4; lastKnownFileType = sourcecode.c.h; path = GCDWebServerDataRequest.h; sourceTree = "<group>"; };
		263611171B53642B00BAB9C5 /* GCDWebServerDataRequest.m */ = {isa = PBXFileReference; fileEncoding = 4; lastKnownFileType = sourcecode.c.objc; path = GCDWebServerDataRequest.m; sourceTree = "<group>"; };
		263611181B53642B00BAB9C5 /* GCDWebServerFileRequest.h */ = {isa = PBXFileReference; fileEncoding = 4; lastKnownFileType = sourcecode.c.h; path = GCDWebServerFileRequest.h; sourceTree = "<group>"; };
		263611191B53642B00BAB9C5 /* GCDWebServerFileRequest.m */ = {isa = PBXFileReference; fileEncoding = 4; lastKnownFileType = sourcecode.c.objc; path = GCDWebServerFileRequest.m; sourceTree = "<group>"; };
		2636111A1B53642B00BAB9C5 /* GCDWebServerMultiPartFormRequest.h */ = {isa = PBXFileReference; fileEncoding = 4; lastKnownFileType = sourcecode.c.h; path = GCDWebServerMultiPartFormRequest.h; sourceTree = "<group>"; };
		2636111B1B53642B00BAB9C5 /* GCDWebServerMultiPartFormRequest.m */ = {isa = PBXFileReference; fileEncoding = 4; lastKnownFileType = sourcecode.c.objc; path = GCDWebServerMultiPartFormRequest.m; sourceTree = "<group>"; };
		2636111C1B53642B00BAB9C5 /* GCDWebServerURLEncodedFormRequest.h */ = {isa = PBXFileReference; fileEncoding = 4; lastKnownFileType = sourcecode.c.h; path = GCDWebServerURLEncodedFormRequest.h; sourceTree = "<group>"; };
		2636111D1B53642B00BAB9C5 /* GCDWebServerURLEncodedFormRequest.m */ = {isa = PBXFileReference; fileEncoding = 4; lastKnownFileType = sourcecode.c.objc; path = GCDWebServerURLEncodedFormRequest.m; sourceTree = "<group>"; };
		2636111F1B53642B00BAB9C5 /* GCDWebServerDataResponse.h */ = {isa = PBXFileReference; fileEncoding = 4; lastKnownFileType = sourcecode.c.h; path = GCDWebServerDataResponse.h; sourceTree = "<group>"; };
		263611201B53642B00BAB9C5 /* GCDWebServerDataResponse.m */ = {isa = PBXFileReference; fileEncoding = 4; lastKnownFileType = sourcecode.c.objc; path = GCDWebServerDataResponse.m; sourceTree = "<group>"; };
		263611211B53642B00BAB9C5 /* GCDWebServerErrorResponse.h */ = {isa = PBXFileReference; fileEncoding = 4; lastKnownFileType = sourcecode.c.h; path = GCDWebServerErrorResponse.h; sourceTree = "<group>"; };
		263611221B53642B00BAB9C5 /* GCDWebServerErrorResponse.m */ = {isa = PBXFileReference; fileEncoding = 4; lastKnownFileType = sourcecode.c.objc; path = GCDWebServerErrorResponse.m; sourceTree = "<group>"; };
		263611231B53642B00BAB9C5 /* GCDWebServerFileResponse.h */ = {isa = PBXFileReference; fileEncoding = 4; lastKnownFileType = sourcecode.c.h; path = GCDWebServerFileResponse.h; sourceTree = "<group>"; };
		263611241B53642B00BAB9C5 /* GCDWebServerFileResponse.m */ = {isa = PBXFileReference; fileEncoding = 4; lastKnownFileType = sourcecode.c.objc; path = GCDWebServerFileResponse.m; sourceTree = "<group>"; };
		263611251B53642B00BAB9C5 /* GCDWebServerStreamedResponse.h */ = {isa = PBXFileReference; fileEncoding = 4; lastKnownFileType = sourcecode.c.h; path = GCDWebServerStreamedResponse.h; sourceTree = "<group>"; };
		263611261B53642B00BAB9C5 /* GCDWebServerStreamedResponse.m */ = {isa = PBXFileReference; fileEncoding = 4; lastKnownFileType = sourcecode.c.objc; path = GCDWebServerStreamedResponse.m; sourceTree = "<group>"; };
		263611341B53644500BAB9C5 /* CoreServices.framework */ = {isa = PBXFileReference; lastKnownFileType = wrapper.framework; name = CoreServices.framework; path = System/Library/Frameworks/CoreServices.framework; sourceTree = SDKROOT; };
		263611361B53645200BAB9C5 /* SystemConfiguration.framework */ = {isa = PBXFileReference; lastKnownFileType = wrapper.framework; name = SystemConfiguration.framework; path = System/Library/Frameworks/SystemConfiguration.framework; sourceTree = SDKROOT; };
		263611381B53645B00BAB9C5 /* CFNetwork.framework */ = {isa = PBXFileReference; lastKnownFileType = wrapper.framework; name = CFNetwork.framework; path = System/Library/Frameworks/CFNetwork.framework; sourceTree = SDKROOT; };
		2636113A1B53646700BAB9C5 /* libz.dylib */ = {isa = PBXFileReference; lastKnownFileType = "compiled.mach-o.dylib"; name = libz.dylib; path = usr/lib/libz.dylib; sourceTree = SDKROOT; };
		2636113C1B53646E00BAB9C5 /* libxml2.dylib */ = {isa = PBXFileReference; lastKnownFileType = "compiled.mach-o.dylib"; name = libxml2.dylib; path = usr/lib/libxml2.dylib; sourceTree = SDKROOT; };
		263611411B53A14F00BAB9C5 /* FMDatabase.h */ = {isa = PBXFileReference; fileEncoding = 4; lastKnownFileType = sourcecode.c.h; path = FMDatabase.h; sourceTree = "<group>"; };
		263611421B53A14F00BAB9C5 /* FMDatabase.m */ = {isa = PBXFileReference; fileEncoding = 4; lastKnownFileType = sourcecode.c.objc; path = FMDatabase.m; sourceTree = "<group>"; };
		263611431B53A14F00BAB9C5 /* FMDatabaseAdditions.h */ = {isa = PBXFileReference; fileEncoding = 4; lastKnownFileType = sourcecode.c.h; path = FMDatabaseAdditions.h; sourceTree = "<group>"; };
		263611441B53A14F00BAB9C5 /* FMDatabaseAdditions.m */ = {isa = PBXFileReference; fileEncoding = 4; lastKnownFileType = sourcecode.c.objc; path = FMDatabaseAdditions.m; sourceTree = "<group>"; };
		263611451B53A14F00BAB9C5 /* FMDatabasePool.h */ = {isa = PBXFileReference; fileEncoding = 4; lastKnownFileType = sourcecode.c.h; path = FMDatabasePool.h; sourceTree = "<group>"; };
		263611461B53A14F00BAB9C5 /* FMDatabasePool.m */ = {isa = PBXFileReference; fileEncoding = 4; lastKnownFileType = sourcecode.c.objc; path = FMDatabasePool.m; sourceTree = "<group>"; };
		263611471B53A14F00BAB9C5 /* FMDatabaseQueue.h */ = {isa = PBXFileReference; fileEncoding = 4; lastKnownFileType = sourcecode.c.h; path = FMDatabaseQueue.h; sourceTree = "<group>"; };
		263611481B53A14F00BAB9C5 /* FMDatabaseQueue.m */ = {isa = PBXFileReference; fileEncoding = 4; lastKnownFileType = sourcecode.c.objc; path = FMDatabaseQueue.m; sourceTree = "<group>"; };
		263611491B53A14F00BAB9C5 /* FMDB.h */ = {isa = PBXFileReference; fileEncoding = 4; lastKnownFileType = sourcecode.c.h; path = FMDB.h; sourceTree = "<group>"; };
		2636114A1B53A14F00BAB9C5 /* FMResultSet.h */ = {isa = PBXFileReference; fileEncoding = 4; lastKnownFileType = sourcecode.c.h; path = FMResultSet.h; sourceTree = "<group>"; };
		2636114B1B53A14F00BAB9C5 /* FMResultSet.m */ = {isa = PBXFileReference; fileEncoding = 4; lastKnownFileType = sourcecode.c.objc; path = FMResultSet.m; sourceTree = "<group>"; };
		263FD53F1B550E38005AD4AD /* XCMainWindowController.h */ = {isa = PBXFileReference; fileEncoding = 4; lastKnownFileType = sourcecode.c.h; path = XCMainWindowController.h; sourceTree = "<group>"; };
		263FD5401B550E38005AD4AD /* XCMainWindowController.m */ = {isa = PBXFileReference; fileEncoding = 4; lastKnownFileType = sourcecode.c.objc; path = XCMainWindowController.m; sourceTree = "<group>"; };
		263FD5421B550E38005AD4AD /* ConfigurationItem.h */ = {isa = PBXFileReference; fileEncoding = 4; lastKnownFileType = sourcecode.c.h; path = ConfigurationItem.h; sourceTree = "<group>"; };
		263FD5431B550E38005AD4AD /* ConfigurationItem.m */ = {isa = PBXFileReference; fileEncoding = 4; lastKnownFileType = sourcecode.c.objc; path = ConfigurationItem.m; sourceTree = "<group>"; };
		263FD5441B550E38005AD4AD /* ConfigurationItems.h */ = {isa = PBXFileReference; fileEncoding = 4; lastKnownFileType = sourcecode.c.h; path = ConfigurationItems.h; sourceTree = "<group>"; };
		263FD5451B550E38005AD4AD /* ConfigurationItems.m */ = {isa = PBXFileReference; fileEncoding = 4; lastKnownFileType = sourcecode.c.objc; path = ConfigurationItems.m; sourceTree = "<group>"; };
		263FD5471B550E38005AD4AD /* XCMainWindowController.xib */ = {isa = PBXFileReference; fileEncoding = 4; lastKnownFileType = file.xib; path = XCMainWindowController.xib; sourceTree = "<group>"; };
		263FD5481B550E38005AD4AD /* NSObject_Extension.h */ = {isa = PBXFileReference; fileEncoding = 4; lastKnownFileType = sourcecode.c.h; path = NSObject_Extension.h; sourceTree = "<group>"; };
		263FD5491B550E38005AD4AD /* NSObject_Extension.m */ = {isa = PBXFileReference; fileEncoding = 4; lastKnownFileType = sourcecode.c.objc; path = NSObject_Extension.m; sourceTree = "<group>"; };
		263FD54A1B550E38005AD4AD /* XCServer.h */ = {isa = PBXFileReference; fileEncoding = 4; lastKnownFileType = sourcecode.c.h; path = XCServer.h; sourceTree = "<group>"; };
		263FD54B1B550E38005AD4AD /* XCServer.m */ = {isa = PBXFileReference; fileEncoding = 4; lastKnownFileType = sourcecode.c.objc; path = XCServer.m; sourceTree = "<group>"; };
		26451DCD1B53A9A100D75648 /* libsqlite3.dylib */ = {isa = PBXFileReference; lastKnownFileType = "compiled.mach-o.dylib"; name = libsqlite3.dylib; path = usr/lib/libsqlite3.dylib; sourceTree = SDKROOT; };
		26D9B37D1B4D3AB100DE2983 /* XCServer.xcplugin */ = {isa = PBXFileReference; explicitFileType = wrapper.cfbundle; includeInIndex = 0; path = XCServer.xcplugin; sourceTree = BUILT_PRODUCTS_DIR; };
		26D9B3801B4D3AB100DE2983 /* AppKit.framework */ = {isa = PBXFileReference; lastKnownFileType = wrapper.framework; name = AppKit.framework; path = /System/Library/Frameworks/AppKit.framework; sourceTree = "<absolute>"; };
		26D9B3821B4D3AB100DE2983 /* Foundation.framework */ = {isa = PBXFileReference; lastKnownFileType = wrapper.framework; name = Foundation.framework; path = /System/Library/Frameworks/Foundation.framework; sourceTree = "<absolute>"; };
		26D9B3861B4D3AB100DE2983 /* Info.plist */ = {isa = PBXFileReference; lastKnownFileType = text.plist.xml; path = Info.plist; sourceTree = "<group>"; };
		26D9B3871B4D3AB100DE2983 /* XCServer.xcscheme */ = {isa = PBXFileReference; lastKnownFileType = text.xml; name = XCServer.xcscheme; path = XCServer.xcodeproj/xcshareddata/xcschemes/XCServer.xcscheme; sourceTree = SOURCE_ROOT; };
/* End PBXFileReference section */

/* Begin PBXFrameworksBuildPhase section */
		26D9B37B1B4D3AB100DE2983 /* Frameworks */ = {
			isa = PBXFrameworksBuildPhase;
			buildActionMask = 2147483647;
			files = (
				26451DCE1B53A9A100D75648 /* libsqlite3.dylib in Frameworks */,
				2636113D1B53646E00BAB9C5 /* libxml2.dylib in Frameworks */,
				2636113B1B53646700BAB9C5 /* libz.dylib in Frameworks */,
				263611391B53645B00BAB9C5 /* CFNetwork.framework in Frameworks */,
				263611371B53645200BAB9C5 /* SystemConfiguration.framework in Frameworks */,
				263611351B53644500BAB9C5 /* CoreServices.framework in Frameworks */,
				26D9B3811B4D3AB100DE2983 /* AppKit.framework in Frameworks */,
				26D9B3831B4D3AB100DE2983 /* Foundation.framework in Frameworks */,
			);
			runOnlyForDeploymentPostprocessing = 0;
		};
/* End PBXFrameworksBuildPhase section */

/* Begin PBXGroup section */
		263611071B53642B00BAB9C5 /* GCDWebServer */ = {
			isa = PBXGroup;
			children = (
				263611081B53642B00BAB9C5 /* Core */,
				263611151B53642B00BAB9C5 /* Requests */,
				2636111E1B53642B00BAB9C5 /* Responses */,
			);
			path = GCDWebServer;
			sourceTree = "<group>";
		};
		263611081B53642B00BAB9C5 /* Core */ = {
			isa = PBXGroup;
			children = (
				263611091B53642B00BAB9C5 /* GCDWebServer.h */,
				2636110A1B53642B00BAB9C5 /* GCDWebServer.m */,
				2636110B1B53642B00BAB9C5 /* GCDWebServerConnection.h */,
				2636110C1B53642B00BAB9C5 /* GCDWebServerConnection.m */,
				2636110D1B53642B00BAB9C5 /* GCDWebServerFunctions.h */,
				2636110E1B53642B00BAB9C5 /* GCDWebServerFunctions.m */,
				2636110F1B53642B00BAB9C5 /* GCDWebServerHTTPStatusCodes.h */,
				263611101B53642B00BAB9C5 /* GCDWebServerPrivate.h */,
				263611111B53642B00BAB9C5 /* GCDWebServerRequest.h */,
				263611121B53642B00BAB9C5 /* GCDWebServerRequest.m */,
				263611131B53642B00BAB9C5 /* GCDWebServerResponse.h */,
				263611141B53642B00BAB9C5 /* GCDWebServerResponse.m */,
			);
			path = Core;
			sourceTree = "<group>";
		};
		263611151B53642B00BAB9C5 /* Requests */ = {
			isa = PBXGroup;
			children = (
				263611161B53642B00BAB9C5 /* GCDWebServerDataRequest.h */,
				263611171B53642B00BAB9C5 /* GCDWebServerDataRequest.m */,
				263611181B53642B00BAB9C5 /* GCDWebServerFileRequest.h */,
				263611191B53642B00BAB9C5 /* GCDWebServerFileRequest.m */,
				2636111A1B53642B00BAB9C5 /* GCDWebServerMultiPartFormRequest.h */,
				2636111B1B53642B00BAB9C5 /* GCDWebServerMultiPartFormRequest.m */,
				2636111C1B53642B00BAB9C5 /* GCDWebServerURLEncodedFormRequest.h */,
				2636111D1B53642B00BAB9C5 /* GCDWebServerURLEncodedFormRequest.m */,
			);
			path = Requests;
			sourceTree = "<group>";
		};
		2636111E1B53642B00BAB9C5 /* Responses */ = {
			isa = PBXGroup;
			children = (
				2636111F1B53642B00BAB9C5 /* GCDWebServerDataResponse.h */,
				263611201B53642B00BAB9C5 /* GCDWebServerDataResponse.m */,
				263611211B53642B00BAB9C5 /* GCDWebServerErrorResponse.h */,
				263611221B53642B00BAB9C5 /* GCDWebServerErrorResponse.m */,
				263611231B53642B00BAB9C5 /* GCDWebServerFileResponse.h */,
				263611241B53642B00BAB9C5 /* GCDWebServerFileResponse.m */,
				263611251B53642B00BAB9C5 /* GCDWebServerStreamedResponse.h */,
				263611261B53642B00BAB9C5 /* GCDWebServerStreamedResponse.m */,
			);
			path = Responses;
			sourceTree = "<group>";
		};
		2636113E1B539D6500BAB9C5 /* db */ = {
			isa = PBXGroup;
			children = (
				2608C70C1B54CD8800C8EFE1 /* XCServer.db */,
			);
			path = db;
			sourceTree = "<group>";
		};
		263611401B53A14F00BAB9C5 /* fmdb */ = {
			isa = PBXGroup;
			children = (
				263611411B53A14F00BAB9C5 /* FMDatabase.h */,
				263611421B53A14F00BAB9C5 /* FMDatabase.m */,
				263611431B53A14F00BAB9C5 /* FMDatabaseAdditions.h */,
				263611441B53A14F00BAB9C5 /* FMDatabaseAdditions.m */,
				263611451B53A14F00BAB9C5 /* FMDatabasePool.h */,
				263611461B53A14F00BAB9C5 /* FMDatabasePool.m */,
				263611471B53A14F00BAB9C5 /* FMDatabaseQueue.h */,
				263611481B53A14F00BAB9C5 /* FMDatabaseQueue.m */,
				263611491B53A14F00BAB9C5 /* FMDB.h */,
				2636114A1B53A14F00BAB9C5 /* FMResultSet.h */,
				2636114B1B53A14F00BAB9C5 /* FMResultSet.m */,
			);
			path = fmdb;
			sourceTree = "<group>";
		};
		263FD53C1B550E38005AD4AD /* Classes */ = {
			isa = PBXGroup;
			children = (
				263FD53D1B550E38005AD4AD /* Main */,
				263FD5481B550E38005AD4AD /* NSObject_Extension.h */,
				263FD5491B550E38005AD4AD /* NSObject_Extension.m */,
				263FD54A1B550E38005AD4AD /* XCServer.h */,
				263FD54B1B550E38005AD4AD /* XCServer.m */,
			);
			path = Classes;
			sourceTree = "<group>";
		};
		263FD53D1B550E38005AD4AD /* Main */ = {
			isa = PBXGroup;
			children = (
				263FD53E1B550E38005AD4AD /* Controller */,
				263FD5411B550E38005AD4AD /* Model */,
				263FD5461B550E38005AD4AD /* View */,
			);
			path = Main;
			sourceTree = "<group>";
		};
		263FD53E1B550E38005AD4AD /* Controller */ = {
			isa = PBXGroup;
			children = (
				263FD53F1B550E38005AD4AD /* XCMainWindowController.h */,
				263FD5401B550E38005AD4AD /* XCMainWindowController.m */,
			);
			path = Controller;
			sourceTree = "<group>";
		};
		263FD5411B550E38005AD4AD /* Model */ = {
			isa = PBXGroup;
			children = (
				263FD5421B550E38005AD4AD /* ConfigurationItem.h */,
				263FD5431B550E38005AD4AD /* ConfigurationItem.m */,
				263FD5441B550E38005AD4AD /* ConfigurationItems.h */,
				263FD5451B550E38005AD4AD /* ConfigurationItems.m */,
			);
			path = Model;
			sourceTree = "<group>";
		};
		263FD5461B550E38005AD4AD /* View */ = {
			isa = PBXGroup;
			children = (
				263FD5471B550E38005AD4AD /* XCMainWindowController.xib */,
			);
			path = View;
			sourceTree = "<group>";
		};
		26D9B3741B4D3AB100DE2983 = {
			isa = PBXGroup;
			children = (
				26D9B3841B4D3AB100DE2983 /* XCServer */,
				26D9B37F1B4D3AB100DE2983 /* Frameworks */,
				26D9B37E1B4D3AB100DE2983 /* Products */,
			);
			sourceTree = "<group>";
		};
		26D9B37E1B4D3AB100DE2983 /* Products */ = {
			isa = PBXGroup;
			children = (
				26D9B37D1B4D3AB100DE2983 /* XCServer.xcplugin */,
			);
			name = Products;
			sourceTree = "<group>";
		};
		26D9B37F1B4D3AB100DE2983 /* Frameworks */ = {
			isa = PBXGroup;
			children = (
				26451DCD1B53A9A100D75648 /* libsqlite3.dylib */,
				2636113C1B53646E00BAB9C5 /* libxml2.dylib */,
				2636113A1B53646700BAB9C5 /* libz.dylib */,
				263611381B53645B00BAB9C5 /* CFNetwork.framework */,
				263611361B53645200BAB9C5 /* SystemConfiguration.framework */,
				263611341B53644500BAB9C5 /* CoreServices.framework */,
				26D9B3801B4D3AB100DE2983 /* AppKit.framework */,
				26D9B3821B4D3AB100DE2983 /* Foundation.framework */,
			);
			name = Frameworks;
			sourceTree = "<group>";
		};
		26D9B3841B4D3AB100DE2983 /* XCServer */ = {
			isa = PBXGroup;
			children = (
				26D9B3851B4D3AB100DE2983 /* Supporting Files */,
			);
			path = XCServer;
			sourceTree = "<group>";
		};
		26D9B3851B4D3AB100DE2983 /* Supporting Files */ = {
			isa = PBXGroup;
			children = (
				263FD53C1B550E38005AD4AD /* Classes */,
				2636113E1B539D6500BAB9C5 /* db */,
				26D9B3941B4D3ACD00DE2983 /* Lib */,
				26D9B3861B4D3AB100DE2983 /* Info.plist */,
				26D9B3871B4D3AB100DE2983 /* XCServer.xcscheme */,
			);
			name = "Supporting Files";
			sourceTree = "<group>";
		};
		26D9B3941B4D3ACD00DE2983 /* Lib */ = {
			isa = PBXGroup;
			children = (
				263611401B53A14F00BAB9C5 /* fmdb */,
				263611071B53642B00BAB9C5 /* GCDWebServer */,
			);
			path = Lib;
			sourceTree = "<group>";
		};
/* End PBXGroup section */

/* Begin PBXNativeTarget section */
		26D9B37C1B4D3AB100DE2983 /* XCServer */ = {
			isa = PBXNativeTarget;
			buildConfigurationList = 26D9B3911B4D3AB100DE2983 /* Build configuration list for PBXNativeTarget "XCServer" */;
			buildPhases = (
				26D9B3791B4D3AB100DE2983 /* Sources */,
				26D9B37A1B4D3AB100DE2983 /* Resources */,
				26D9B37B1B4D3AB100DE2983 /* Frameworks */,
			);
			buildRules = (
			);
			dependencies = (
			);
			name = XCServer;
			productName = XCServer;
			productReference = 26D9B37D1B4D3AB100DE2983 /* XCServer.xcplugin */;
			productType = "com.apple.product-type.bundle";
		};
/* End PBXNativeTarget section */

/* Begin PBXProject section */
		26D9B3751B4D3AB100DE2983 /* Project object */ = {
			isa = PBXProject;
			attributes = {
				LastUpgradeCheck = 0640;
				ORGANIZATIONNAME = XingCheng;
				TargetAttributes = {
					26D9B37C1B4D3AB100DE2983 = {
						CreatedOnToolsVersion = 6.4;
					};
				};
			};
			buildConfigurationList = 26D9B3781B4D3AB100DE2983 /* Build configuration list for PBXProject "XCServer" */;
			compatibilityVersion = "Xcode 3.2";
			developmentRegion = English;
			hasScannedForEncodings = 0;
			knownRegions = (
				en,
			);
			mainGroup = 26D9B3741B4D3AB100DE2983;
			productRefGroup = 26D9B37E1B4D3AB100DE2983 /* Products */;
			projectDirPath = "";
			projectRoot = "";
			targets = (
				26D9B37C1B4D3AB100DE2983 /* XCServer */,
			);
		};
/* End PBXProject section */

/* Begin PBXResourcesBuildPhase section */
		26D9B37A1B4D3AB100DE2983 /* Resources */ = {
			isa = PBXResourcesBuildPhase;
			buildActionMask = 2147483647;
			files = (
				26D9B3881B4D3AB100DE2983 /* XCServer.xcscheme in Resources */,
				263FD54F1B550E38005AD4AD /* XCMainWindowController.xib in Resources */,
				2608C70D1B54CD8800C8EFE1 /* XCServer.db in Resources */,
			);
			runOnlyForDeploymentPostprocessing = 0;
		};
/* End PBXResourcesBuildPhase section */

/* Begin PBXSourcesBuildPhase section */
		26D9B3791B4D3AB100DE2983 /* Sources */ = {
			isa = PBXSourcesBuildPhase;
			buildActionMask = 2147483647;
			files = (
				263611331B53642B00BAB9C5 /* GCDWebServerStreamedResponse.m in Sources */,
				2636112E1B53642B00BAB9C5 /* GCDWebServerMultiPartFormRequest.m in Sources */,
				2636114E1B53A14F00BAB9C5 /* FMDatabasePool.m in Sources */,
				263611301B53642B00BAB9C5 /* GCDWebServerDataResponse.m in Sources */,
				263611311B53642B00BAB9C5 /* GCDWebServerErrorResponse.m in Sources */,
				2636114F1B53A14F00BAB9C5 /* FMDatabaseQueue.m in Sources */,
				2636114C1B53A14F00BAB9C5 /* FMDatabase.m in Sources */,
				2636114D1B53A14F00BAB9C5 /* FMDatabaseAdditions.m in Sources */,
				263611271B53642B00BAB9C5 /* GCDWebServer.m in Sources */,
				263611501B53A14F00BAB9C5 /* FMResultSet.m in Sources */,
				263611321B53642B00BAB9C5 /* GCDWebServerFileResponse.m in Sources */,
				263611291B53642B00BAB9C5 /* GCDWebServerFunctions.m in Sources */,
				2636112B1B53642B00BAB9C5 /* GCDWebServerResponse.m in Sources */,
				263FD54E1B550E38005AD4AD /* ConfigurationItems.m in Sources */,
				263611281B53642B00BAB9C5 /* GCDWebServerConnection.m in Sources */,
				2636112F1B53642B00BAB9C5 /* GCDWebServerURLEncodedFormRequest.m in Sources */,
				263FD54C1B550E38005AD4AD /* XCMainWindowController.m in Sources */,
				263FD5501B550E38005AD4AD /* NSObject_Extension.m in Sources */,
				263FD5511B550E38005AD4AD /* XCServer.m in Sources */,
				2636112D1B53642B00BAB9C5 /* GCDWebServerFileRequest.m in Sources */,
				263FD54D1B550E38005AD4AD /* ConfigurationItem.m in Sources */,
				2636112A1B53642B00BAB9C5 /* GCDWebServerRequest.m in Sources */,
				2636112C1B53642B00BAB9C5 /* GCDWebServerDataRequest.m in Sources */,
			);
			runOnlyForDeploymentPostprocessing = 0;
		};
/* End PBXSourcesBuildPhase section */

/* Begin XCBuildConfiguration section */
		26D9B38F1B4D3AB100DE2983 /* Debug */ = {
			isa = XCBuildConfiguration;
			buildSettings = {
				ALWAYS_SEARCH_USER_PATHS = NO;
				CLANG_CXX_LANGUAGE_STANDARD = "gnu++0x";
				CLANG_CXX_LIBRARY = "libc++";
				CLANG_ENABLE_MODULES = YES;
				CLANG_ENABLE_OBJC_ARC = YES;
				CLANG_WARN_BOOL_CONVERSION = YES;
				CLANG_WARN_CONSTANT_CONVERSION = YES;
				CLANG_WARN_DIRECT_OBJC_ISA_USAGE = YES_ERROR;
				CLANG_WARN_EMPTY_BODY = YES;
				CLANG_WARN_ENUM_CONVERSION = YES;
				CLANG_WARN_INT_CONVERSION = YES;
				CLANG_WARN_OBJC_ROOT_CLASS = YES_ERROR;
				CLANG_WARN_UNREACHABLE_CODE = YES;
				CLANG_WARN__DUPLICATE_METHOD_MATCH = YES;
				COPY_PHASE_STRIP = NO;
				ENABLE_STRICT_OBJC_MSGSEND = YES;
				GCC_C_LANGUAGE_STANDARD = gnu99;
				GCC_DYNAMIC_NO_PIC = NO;
				GCC_NO_COMMON_BLOCKS = YES;
				GCC_OPTIMIZATION_LEVEL = 0;
				GCC_PREPROCESSOR_DEFINITIONS = (
					"DEBUG=1",
					"$(inherited)",
				);
				GCC_SYMBOLS_PRIVATE_EXTERN = NO;
				GCC_WARN_64_TO_32_BIT_CONVERSION = YES;
				GCC_WARN_ABOUT_RETURN_TYPE = YES_ERROR;
				GCC_WARN_UNDECLARED_SELECTOR = YES;
				GCC_WARN_UNINITIALIZED_AUTOS = YES_AGGRESSIVE;
				GCC_WARN_UNUSED_FUNCTION = YES;
				GCC_WARN_UNUSED_VARIABLE = YES;
				MTL_ENABLE_DEBUG_INFO = YES;
				ONLY_ACTIVE_ARCH = YES;
			};
			name = Debug;
		};
		26D9B3901B4D3AB100DE2983 /* Release */ = {
			isa = XCBuildConfiguration;
			buildSettings = {
				ALWAYS_SEARCH_USER_PATHS = NO;
				CLANG_CXX_LANGUAGE_STANDARD = "gnu++0x";
				CLANG_CXX_LIBRARY = "libc++";
				CLANG_ENABLE_MODULES = YES;
				CLANG_ENABLE_OBJC_ARC = YES;
				CLANG_WARN_BOOL_CONVERSION = YES;
				CLANG_WARN_CONSTANT_CONVERSION = YES;
				CLANG_WARN_DIRECT_OBJC_ISA_USAGE = YES_ERROR;
				CLANG_WARN_EMPTY_BODY = YES;
				CLANG_WARN_ENUM_CONVERSION = YES;
				CLANG_WARN_INT_CONVERSION = YES;
				CLANG_WARN_OBJC_ROOT_CLASS = YES_ERROR;
				CLANG_WARN_UNREACHABLE_CODE = YES;
				CLANG_WARN__DUPLICATE_METHOD_MATCH = YES;
				COPY_PHASE_STRIP = NO;
				ENABLE_NS_ASSERTIONS = NO;
				ENABLE_STRICT_OBJC_MSGSEND = YES;
				GCC_C_LANGUAGE_STANDARD = gnu99;
				GCC_NO_COMMON_BLOCKS = YES;
				GCC_WARN_64_TO_32_BIT_CONVERSION = YES;
				GCC_WARN_ABOUT_RETURN_TYPE = YES_ERROR;
				GCC_WARN_UNDECLARED_SELECTOR = YES;
				GCC_WARN_UNINITIALIZED_AUTOS = YES_AGGRESSIVE;
				GCC_WARN_UNUSED_FUNCTION = YES;
				GCC_WARN_UNUSED_VARIABLE = YES;
				MTL_ENABLE_DEBUG_INFO = NO;
			};
			name = Release;
		};
		26D9B3921B4D3AB100DE2983 /* Debug */ = {
			isa = XCBuildConfiguration;
			buildSettings = {
				COMBINE_HIDPI_IMAGES = YES;
				DEPLOYMENT_LOCATION = YES;
				DSTROOT = "$(HOME)";
				INFOPLIST_FILE = XCServer/Info.plist;
				INSTALL_PATH = "/Library/Application Support/Developer/Shared/Xcode/Plug-ins";
				MACOSX_DEPLOYMENT_TARGET = 10.10;
				PRODUCT_NAME = "$(TARGET_NAME)";
				WRAPPER_EXTENSION = xcplugin;
			};
			name = Debug;
		};
		26D9B3931B4D3AB100DE2983 /* Release */ = {
			isa = XCBuildConfiguration;
			buildSettings = {
				COMBINE_HIDPI_IMAGES = YES;
				DEPLOYMENT_LOCATION = YES;
				DSTROOT = "$(HOME)";
				INFOPLIST_FILE = XCServer/Info.plist;
				INSTALL_PATH = "/Library/Application Support/Developer/Shared/Xcode/Plug-ins";
				MACOSX_DEPLOYMENT_TARGET = 10.10;
				PRODUCT_NAME = "$(TARGET_NAME)";
				WRAPPER_EXTENSION = xcplugin;
			};
			name = Release;
		};
/* End XCBuildConfiguration section */

/* Begin XCConfigurationList section */
		26D9B3781B4D3AB100DE2983 /* Build configuration list for PBXProject "XCServer" */ = {
			isa = XCConfigurationList;
			buildConfigurations = (
				26D9B38F1B4D3AB100DE2983 /* Debug */,
				26D9B3901B4D3AB100DE2983 /* Release */,
			);
			defaultConfigurationIsVisible = 0;
			defaultConfigurationName = Release;
		};
		26D9B3911B4D3AB100DE2983 /* Build configuration list for PBXNativeTarget "XCServer" */ = {
			isa = XCConfigurationList;
			buildConfigurations = (
				26D9B3921B4D3AB100DE2983 /* Debug */,
				26D9B3931B4D3AB100DE2983 /* Release */,
			);
			defaultConfigurationIsVisible = 0;
			defaultConfigurationName = Release;
		};
/* End XCConfigurationList section */
	};
	rootObject = 26D9B3751B4D3AB100DE2983 /* Project object */;
}
